// !$*UTF8*$!
{
	archiveVersion = 1;
	classes = {
	};
	objectVersion = 56;
	objects = {

/* Begin PBXBuildFile section */
		631CD48D2B41CAE9002B2546 /* ReminderListViewController+DataSource.swift in Sources */ = {isa = PBXBuildFile; fileRef = 631CD48C2B41CAE9002B2546 /* ReminderListViewController+DataSource.swift */; };
		6331B11C2B3852EC00D0848A /* AppDelegate.swift in Sources */ = {isa = PBXBuildFile; fileRef = 6331B11B2B3852EC00D0848A /* AppDelegate.swift */; };
		6331B11E2B3852EC00D0848A /* SceneDelegate.swift in Sources */ = {isa = PBXBuildFile; fileRef = 6331B11D2B3852EC00D0848A /* SceneDelegate.swift */; };
		6331B1202B3852EC00D0848A /* ReminderListViewController.swift in Sources */ = {isa = PBXBuildFile; fileRef = 6331B11F2B3852EC00D0848A /* ReminderListViewController.swift */; };
		6331B1232B3852EC00D0848A /* Main.storyboard in Resources */ = {isa = PBXBuildFile; fileRef = 6331B1212B3852EC00D0848A /* Main.storyboard */; };
		6331B1252B3852F100D0848A /* Assets.xcassets in Resources */ = {isa = PBXBuildFile; fileRef = 6331B1242B3852F100D0848A /* Assets.xcassets */; };
		6331B1282B3852F100D0848A /* LaunchScreen.storyboard in Resources */ = {isa = PBXBuildFile; fileRef = 6331B1262B3852F100D0848A /* LaunchScreen.storyboard */; };
		6331B1332B3852F200D0848A /* TodayTests.swift in Sources */ = {isa = PBXBuildFile; fileRef = 6331B1322B3852F200D0848A /* TodayTests.swift */; };
		6331B13D2B3852F200D0848A /* TodayUITests.swift in Sources */ = {isa = PBXBuildFile; fileRef = 6331B13C2B3852F200D0848A /* TodayUITests.swift */; };
		6331B13F2B3852F200D0848A /* TodayUITestsLaunchTests.swift in Sources */ = {isa = PBXBuildFile; fileRef = 6331B13E2B3852F200D0848A /* TodayUITestsLaunchTests.swift */; };
		6331B14F2B3853D400D0848A /* Reminder.swift in Sources */ = {isa = PBXBuildFile; fileRef = 6331B14E2B3853D400D0848A /* Reminder.swift */; };
		63852C282B386D4F00F7D718 /* UIColor+Today.swift in Sources */ = {isa = PBXBuildFile; fileRef = 63852C272B386D4E00F7D718 /* UIColor+Today.swift */; };
		63852C2A2B386D6600F7D718 /* Date+Today.swift in Sources */ = {isa = PBXBuildFile; fileRef = 63852C292B386D6600F7D718 /* Date+Today.swift */; };
/* End PBXBuildFile section */

/* Begin PBXContainerItemProxy section */
		6331B12F2B3852F200D0848A /* PBXContainerItemProxy */ = {
			isa = PBXContainerItemProxy;
			containerPortal = 6331B1102B3852EC00D0848A /* Project object */;
			proxyType = 1;
			remoteGlobalIDString = 6331B1172B3852EC00D0848A;
			remoteInfo = Today;
		};
		6331B1392B3852F200D0848A /* PBXContainerItemProxy */ = {
			isa = PBXContainerItemProxy;
			containerPortal = 6331B1102B3852EC00D0848A /* Project object */;
			proxyType = 1;
			remoteGlobalIDString = 6331B1172B3852EC00D0848A;
			remoteInfo = Today;
		};
/* End PBXContainerItemProxy section */

/* Begin PBXFileReference section */
		631CD48C2B41CAE9002B2546 /* ReminderListViewController+DataSource.swift */ = {isa = PBXFileReference; lastKnownFileType = sourcecode.swift; path = "ReminderListViewController+DataSource.swift"; sourceTree = "<group>"; };
		6331B1182B3852EC00D0848A /* Today.app */ = {isa = PBXFileReference; explicitFileType = wrapper.application; includeInIndex = 0; path = Today.app; sourceTree = BUILT_PRODUCTS_DIR; };
		6331B11B2B3852EC00D0848A /* AppDelegate.swift */ = {isa = PBXFileReference; lastKnownFileType = sourcecode.swift; path = AppDelegate.swift; sourceTree = "<group>"; };
		6331B11D2B3852EC00D0848A /* SceneDelegate.swift */ = {isa = PBXFileReference; lastKnownFileType = sourcecode.swift; path = SceneDelegate.swift; sourceTree = "<group>"; };
		6331B11F2B3852EC00D0848A /* ReminderListViewController.swift */ = {isa = PBXFileReference; lastKnownFileType = sourcecode.swift; path = ReminderListViewController.swift; sourceTree = "<group>"; };
		6331B1222B3852EC00D0848A /* Base */ = {isa = PBXFileReference; lastKnownFileType = file.storyboard; name = Base; path = Base.lproj/Main.storyboard; sourceTree = "<group>"; };
		6331B1242B3852F100D0848A /* Assets.xcassets */ = {isa = PBXFileReference; lastKnownFileType = folder.assetcatalog; path = Assets.xcassets; sourceTree = "<group>"; };
		6331B1272B3852F100D0848A /* Base */ = {isa = PBXFileReference; lastKnownFileType = file.storyboard; name = Base; path = Base.lproj/LaunchScreen.storyboard; sourceTree = "<group>"; };
		6331B1292B3852F100D0848A /* Info.plist */ = {isa = PBXFileReference; lastKnownFileType = text.plist.xml; path = Info.plist; sourceTree = "<group>"; };
		6331B12E2B3852F200D0848A /* TodayTests.xctest */ = {isa = PBXFileReference; explicitFileType = wrapper.cfbundle; includeInIndex = 0; path = TodayTests.xctest; sourceTree = BUILT_PRODUCTS_DIR; };
		6331B1322B3852F200D0848A /* TodayTests.swift */ = {isa = PBXFileReference; lastKnownFileType = sourcecode.swift; path = TodayTests.swift; sourceTree = "<group>"; };
		6331B1382B3852F200D0848A /* TodayUITests.xctest */ = {isa = PBXFileReference; explicitFileType = wrapper.cfbundle; includeInIndex = 0; path = TodayUITests.xctest; sourceTree = BUILT_PRODUCTS_DIR; };
		6331B13C2B3852F200D0848A /* TodayUITests.swift */ = {isa = PBXFileReference; lastKnownFileType = sourcecode.swift; path = TodayUITests.swift; sourceTree = "<group>"; };
		6331B13E2B3852F200D0848A /* TodayUITestsLaunchTests.swift */ = {isa = PBXFileReference; lastKnownFileType = sourcecode.swift; path = TodayUITestsLaunchTests.swift; sourceTree = "<group>"; };
		6331B14E2B3853D400D0848A /* Reminder.swift */ = {isa = PBXFileReference; lastKnownFileType = sourcecode.swift; path = Reminder.swift; sourceTree = "<group>"; };
		63852C272B386D4E00F7D718 /* UIColor+Today.swift */ = {isa = PBXFileReference; lastKnownFileType = sourcecode.swift; path = "UIColor+Today.swift"; sourceTree = "<group>"; };
		63852C292B386D6600F7D718 /* Date+Today.swift */ = {isa = PBXFileReference; lastKnownFileType = sourcecode.swift; path = "Date+Today.swift"; sourceTree = "<group>"; };
/* End PBXFileReference section */

/* Begin PBXFrameworksBuildPhase section */
		6331B1152B3852EC00D0848A /* Frameworks */ = {
			isa = PBXFrameworksBuildPhase;
			buildActionMask = 2147483647;
			files = (
			);
			runOnlyForDeploymentPostprocessing = 0;
		};
		6331B12B2B3852F200D0848A /* Frameworks */ = {
			isa = PBXFrameworksBuildPhase;
			buildActionMask = 2147483647;
			files = (
			);
			runOnlyForDeploymentPostprocessing = 0;
		};
		6331B1352B3852F200D0848A /* Frameworks */ = {
			isa = PBXFrameworksBuildPhase;
			buildActionMask = 2147483647;
			files = (
			);
			runOnlyForDeploymentPostprocessing = 0;
		};
/* End PBXFrameworksBuildPhase section */

/* Begin PBXGroup section */
		6331B10F2B3852EC00D0848A = {
			isa = PBXGroup;
			children = (
				6331B11A2B3852EC00D0848A /* Today */,
				6331B1312B3852F200D0848A /* TodayTests */,
				6331B13B2B3852F200D0848A /* TodayUITests */,
				6331B1192B3852EC00D0848A /* Products */,
			);
			sourceTree = "<group>";
		};
		6331B1192B3852EC00D0848A /* Products */ = {
			isa = PBXGroup;
			children = (
				6331B1182B3852EC00D0848A /* Today.app */,
				6331B12E2B3852F200D0848A /* TodayTests.xctest */,
				6331B1382B3852F200D0848A /* TodayUITests.xctest */,
			);
			name = Products;
			sourceTree = "<group>";
		};
		6331B11A2B3852EC00D0848A /* Today */ = {
			isa = PBXGroup;
			children = (
				6331B11B2B3852EC00D0848A /* AppDelegate.swift */,
				6331B11D2B3852EC00D0848A /* SceneDelegate.swift */,
				6331B14D2B3853A000D0848A /* ListViewControllers */,
				6331B14C2B38539900D0848A /* Views */,
				6331B14B2B38539200D0848A /* Model */,
				6331B1242B3852F100D0848A /* Assets.xcassets */,
				6331B1262B3852F100D0848A /* LaunchScreen.storyboard */,
				6331B1292B3852F100D0848A /* Info.plist */,
			);
			path = Today;
			sourceTree = "<group>";
		};
		6331B1312B3852F200D0848A /* TodayTests */ = {
			isa = PBXGroup;
			children = (
				6331B1322B3852F200D0848A /* TodayTests.swift */,
			);
			path = TodayTests;
			sourceTree = "<group>";
		};
		6331B13B2B3852F200D0848A /* TodayUITests */ = {
			isa = PBXGroup;
			children = (
				6331B13C2B3852F200D0848A /* TodayUITests.swift */,
				6331B13E2B3852F200D0848A /* TodayUITestsLaunchTests.swift */,
			);
			path = TodayUITests;
			sourceTree = "<group>";
		};
		6331B14B2B38539200D0848A /* Model */ = {
			isa = PBXGroup;
			children = (
				6331B14E2B3853D400D0848A /* Reminder.swift */,
				63852C272B386D4E00F7D718 /* UIColor+Today.swift */,
				63852C292B386D6600F7D718 /* Date+Today.swift */,
			);
			path = Model;
			sourceTree = "<group>";
		};
		6331B14C2B38539900D0848A /* Views */ = {
			isa = PBXGroup;
			children = (
				6331B1212B3852EC00D0848A /* Main.storyboard */,
			);
			path = Views;
			sourceTree = "<group>";
		};
		6331B14D2B3853A000D0848A /* ListViewControllers */ = {
			isa = PBXGroup;
			children = (
				6331B11F2B3852EC00D0848A /* ReminderListViewController.swift */,
				631CD48C2B41CAE9002B2546 /* ReminderListViewController+DataSource.swift */,
			);
			path = ListViewControllers;
			sourceTree = "<group>";
		};
/* End PBXGroup section */

/* Begin PBXNativeTarget section */
		6331B1172B3852EC00D0848A /* Today */ = {
			isa = PBXNativeTarget;
			buildConfigurationList = 6331B1422B3852F200D0848A /* Build configuration list for PBXNativeTarget "Today" */;
			buildPhases = (
				6331B1142B3852EC00D0848A /* Sources */,
				6331B1152B3852EC00D0848A /* Frameworks */,
				6331B1162B3852EC00D0848A /* Resources */,
			);
			buildRules = (
			);
			dependencies = (
			);
			name = Today;
			productName = Today;
			productReference = 6331B1182B3852EC00D0848A /* Today.app */;
			productType = "com.apple.product-type.application";
		};
		6331B12D2B3852F200D0848A /* TodayTests */ = {
			isa = PBXNativeTarget;
			buildConfigurationList = 6331B1452B3852F200D0848A /* Build configuration list for PBXNativeTarget "TodayTests" */;
			buildPhases = (
				6331B12A2B3852F200D0848A /* Sources */,
				6331B12B2B3852F200D0848A /* Frameworks */,
				6331B12C2B3852F200D0848A /* Resources */,
			);
			buildRules = (
			);
			dependencies = (
				6331B1302B3852F200D0848A /* PBXTargetDependency */,
			);
			name = TodayTests;
			productName = TodayTests;
			productReference = 6331B12E2B3852F200D0848A /* TodayTests.xctest */;
			productType = "com.apple.product-type.bundle.unit-test";
		};
		6331B1372B3852F200D0848A /* TodayUITests */ = {
			isa = PBXNativeTarget;
			buildConfigurationList = 6331B1482B3852F200D0848A /* Build configuration list for PBXNativeTarget "TodayUITests" */;
			buildPhases = (
				6331B1342B3852F200D0848A /* Sources */,
				6331B1352B3852F200D0848A /* Frameworks */,
				6331B1362B3852F200D0848A /* Resources */,
			);
			buildRules = (
			);
			dependencies = (
				6331B13A2B3852F200D0848A /* PBXTargetDependency */,
			);
			name = TodayUITests;
			productName = TodayUITests;
			productReference = 6331B1382B3852F200D0848A /* TodayUITests.xctest */;
			productType = "com.apple.product-type.bundle.ui-testing";
		};
/* End PBXNativeTarget section */

/* Begin PBXProject section */
		6331B1102B3852EC00D0848A /* Project object */ = {
			isa = PBXProject;
			attributes = {
				BuildIndependentTargetsInParallel = 1;
				LastSwiftUpdateCheck = 1510;
				LastUpgradeCheck = 1510;
				TargetAttributes = {
					6331B1172B3852EC00D0848A = {
						CreatedOnToolsVersion = 15.1;
					};
					6331B12D2B3852F200D0848A = {
						CreatedOnToolsVersion = 15.1;
						TestTargetID = 6331B1172B3852EC00D0848A;
					};
					6331B1372B3852F200D0848A = {
						CreatedOnToolsVersion = 15.1;
						TestTargetID = 6331B1172B3852EC00D0848A;
					};
				};
			};
			buildConfigurationList = 6331B1132B3852EC00D0848A /* Build configuration list for PBXProject "Today" */;
			compatibilityVersion = "Xcode 14.0";
			developmentRegion = en;
			hasScannedForEncodings = 0;
			knownRegions = (
				en,
				Base,
			);
			mainGroup = 6331B10F2B3852EC00D0848A;
			productRefGroup = 6331B1192B3852EC00D0848A /* Products */;
			projectDirPath = "";
			projectRoot = "";
			targets = (
				6331B1172B3852EC00D0848A /* Today */,
				6331B12D2B3852F200D0848A /* TodayTests */,
				6331B1372B3852F200D0848A /* TodayUITests */,
			);
		};
/* End PBXProject section */

/* Begin PBXResourcesBuildPhase section */
		6331B1162B3852EC00D0848A /* Resources */ = {
			isa = PBXResourcesBuildPhase;
			buildActionMask = 2147483647;
			files = (
				6331B1282B3852F100D0848A /* LaunchScreen.storyboard in Resources */,
				6331B1252B3852F100D0848A /* Assets.xcassets in Resources */,
				6331B1232B3852EC00D0848A /* Main.storyboard in Resources */,
			);
			runOnlyForDeploymentPostprocessing = 0;
		};
		6331B12C2B3852F200D0848A /* Resources */ = {
			isa = PBXResourcesBuildPhase;
			buildActionMask = 2147483647;
			files = (
			);
			runOnlyForDeploymentPostprocessing = 0;
		};
		6331B1362B3852F200D0848A /* Resources */ = {
			isa = PBXResourcesBuildPhase;
			buildActionMask = 2147483647;
			files = (
			);
			runOnlyForDeploymentPostprocessing = 0;
		};
/* End PBXResourcesBuildPhase section */

/* Begin PBXSourcesBuildPhase section */
		6331B1142B3852EC00D0848A /* Sources */ = {
			isa = PBXSourcesBuildPhase;
			buildActionMask = 2147483647;
			files = (
				6331B1202B3852EC00D0848A /* ReminderListViewController.swift in Sources */,
				6331B11C2B3852EC00D0848A /* AppDelegate.swift in Sources */,
				63852C282B386D4F00F7D718 /* UIColor+Today.swift in Sources */,
				63852C2A2B386D6600F7D718 /* Date+Today.swift in Sources */,
				631CD48D2B41CAE9002B2546 /* ReminderListViewController+DataSource.swift in Sources */,
				6331B11E2B3852EC00D0848A /* SceneDelegate.swift in Sources */,
				6331B14F2B3853D400D0848A /* Reminder.swift in Sources */,
			);
			runOnlyForDeploymentPostprocessing = 0;
		};
		6331B12A2B3852F200D0848A /* Sources */ = {
			isa = PBXSourcesBuildPhase;
			buildActionMask = 2147483647;
			files = (
				6331B1332B3852F200D0848A /* TodayTests.swift in Sources */,
			);
			runOnlyForDeploymentPostprocessing = 0;
		};
		6331B1342B3852F200D0848A /* Sources */ = {
			isa = PBXSourcesBuildPhase;
			buildActionMask = 2147483647;
			files = (
				6331B13F2B3852F200D0848A /* TodayUITestsLaunchTests.swift in Sources */,
				6331B13D2B3852F200D0848A /* TodayUITests.swift in Sources */,
			);
			runOnlyForDeploymentPostprocessing = 0;
		};
/* End PBXSourcesBuildPhase section */

/* Begin PBXTargetDependency section */
		6331B1302B3852F200D0848A /* PBXTargetDependency */ = {
			isa = PBXTargetDependency;
			target = 6331B1172B3852EC00D0848A /* Today */;
			targetProxy = 6331B12F2B3852F200D0848A /* PBXContainerItemProxy */;
		};
		6331B13A2B3852F200D0848A /* PBXTargetDependency */ = {
			isa = PBXTargetDependency;
			target = 6331B1172B3852EC00D0848A /* Today */;
			targetProxy = 6331B1392B3852F200D0848A /* PBXContainerItemProxy */;
		};
/* End PBXTargetDependency section */

/* Begin PBXVariantGroup section */
		6331B1212B3852EC00D0848A /* Main.storyboard */ = {
			isa = PBXVariantGroup;
			children = (
				6331B1222B3852EC00D0848A /* Base */,
			);
			name = Main.storyboard;
			sourceTree = "<group>";
		};
		6331B1262B3852F100D0848A /* LaunchScreen.storyboard */ = {
			isa = PBXVariantGroup;
			children = (
				6331B1272B3852F100D0848A /* Base */,
			);
			name = LaunchScreen.storyboard;
			sourceTree = "<group>";
		};
/* End PBXVariantGroup section */

/* Begin XCBuildConfiguration section */
		6331B1402B3852F200D0848A /* Debug */ = {
			isa = XCBuildConfiguration;
			buildSettings = {
				ALWAYS_SEARCH_USER_PATHS = NO;
				ASSETCATALOG_COMPILER_GENERATE_SWIFT_ASSET_SYMBOL_EXTENSIONS = YES;
				CLANG_ANALYZER_NONNULL = YES;
				CLANG_ANALYZER_NUMBER_OBJECT_CONVERSION = YES_AGGRESSIVE;
				CLANG_CXX_LANGUAGE_STANDARD = "gnu++20";
				CLANG_ENABLE_MODULES = YES;
				CLANG_ENABLE_OBJC_ARC = YES;
				CLANG_ENABLE_OBJC_WEAK = YES;
				CLANG_WARN_BLOCK_CAPTURE_AUTORELEASING = YES;
				CLANG_WARN_BOOL_CONVERSION = YES;
				CLANG_WARN_COMMA = YES;
				CLANG_WARN_CONSTANT_CONVERSION = YES;
				CLANG_WARN_DEPRECATED_OBJC_IMPLEMENTATIONS = YES;
				CLANG_WARN_DIRECT_OBJC_ISA_USAGE = YES_ERROR;
				CLANG_WARN_DOCUMENTATION_COMMENTS = YES;
				CLANG_WARN_EMPTY_BODY = YES;
				CLANG_WARN_ENUM_CONVERSION = YES;
				CLANG_WARN_INFINITE_RECURSION = YES;
				CLANG_WARN_INT_CONVERSION = YES;
				CLANG_WARN_NON_LITERAL_NULL_CONVERSION = YES;
				CLANG_WARN_OBJC_IMPLICIT_RETAIN_SELF = YES;
				CLANG_WARN_OBJC_LITERAL_CONVERSION = YES;
				CLANG_WARN_OBJC_ROOT_CLASS = YES_ERROR;
				CLANG_WARN_QUOTED_INCLUDE_IN_FRAMEWORK_HEADER = YES;
				CLANG_WARN_RANGE_LOOP_ANALYSIS = YES;
				CLANG_WARN_STRICT_PROTOTYPES = YES;
				CLANG_WARN_SUSPICIOUS_MOVE = YES;
				CLANG_WARN_UNGUARDED_AVAILABILITY = YES_AGGRESSIVE;
				CLANG_WARN_UNREACHABLE_CODE = YES;
				CLANG_WARN__DUPLICATE_METHOD_MATCH = YES;
				COPY_PHASE_STRIP = NO;
				DEBUG_INFORMATION_FORMAT = dwarf;
				ENABLE_STRICT_OBJC_MSGSEND = YES;
				ENABLE_TESTABILITY = YES;
				ENABLE_USER_SCRIPT_SANDBOXING = YES;
				GCC_C_LANGUAGE_STANDARD = gnu17;
				GCC_DYNAMIC_NO_PIC = NO;
				GCC_NO_COMMON_BLOCKS = YES;
				GCC_OPTIMIZATION_LEVEL = 0;
				GCC_PREPROCESSOR_DEFINITIONS = (
					"DEBUG=1",
					"$(inherited)",
				);
				GCC_WARN_64_TO_32_BIT_CONVERSION = YES;
				GCC_WARN_ABOUT_RETURN_TYPE = YES_ERROR;
				GCC_WARN_UNDECLARED_SELECTOR = YES;
				GCC_WARN_UNINITIALIZED_AUTOS = YES_AGGRESSIVE;
				GCC_WARN_UNUSED_FUNCTION = YES;
				GCC_WARN_UNUSED_VARIABLE = YES;
				IPHONEOS_DEPLOYMENT_TARGET = 17.2;
				LOCALIZATION_PREFERS_STRING_CATALOGS = YES;
				MTL_ENABLE_DEBUG_INFO = INCLUDE_SOURCE;
				MTL_FAST_MATH = YES;
				ONLY_ACTIVE_ARCH = YES;
				SDKROOT = iphoneos;
				SWIFT_ACTIVE_COMPILATION_CONDITIONS = "DEBUG $(inherited)";
				SWIFT_OPTIMIZATION_LEVEL = "-Onone";
			};
			name = Debug;
		};
		6331B1412B3852F200D0848A /* Release */ = {
			isa = XCBuildConfiguration;
			buildSettings = {
				ALWAYS_SEARCH_USER_PATHS = NO;
				ASSETCATALOG_COMPILER_GENERATE_SWIFT_ASSET_SYMBOL_EXTENSIONS = YES;
				CLANG_ANALYZER_NONNULL = YES;
				CLANG_ANALYZER_NUMBER_OBJECT_CONVERSION = YES_AGGRESSIVE;
				CLANG_CXX_LANGUAGE_STANDARD = "gnu++20";
				CLANG_ENABLE_MODULES = YES;
				CLANG_ENABLE_OBJC_ARC = YES;
				CLANG_ENABLE_OBJC_WEAK = YES;
				CLANG_WARN_BLOCK_CAPTURE_AUTORELEASING = YES;
				CLANG_WARN_BOOL_CONVERSION = YES;
				CLANG_WARN_COMMA = YES;
				CLANG_WARN_CONSTANT_CONVERSION = YES;
				CLANG_WARN_DEPRECATED_OBJC_IMPLEMENTATIONS = YES;
				CLANG_WARN_DIRECT_OBJC_ISA_USAGE = YES_ERROR;
				CLANG_WARN_DOCUMENTATION_COMMENTS = YES;
				CLANG_WARN_EMPTY_BODY = YES;
				CLANG_WARN_ENUM_CONVERSION = YES;
				CLANG_WARN_INFINITE_RECURSION = YES;
				CLANG_WARN_INT_CONVERSION = YES;
				CLANG_WARN_NON_LITERAL_NULL_CONVERSION = YES;
				CLANG_WARN_OBJC_IMPLICIT_RETAIN_SELF = YES;
				CLANG_WARN_OBJC_LITERAL_CONVERSION = YES;
				CLANG_WARN_OBJC_ROOT_CLASS = YES_ERROR;
				CLANG_WARN_QUOTED_INCLUDE_IN_FRAMEWORK_HEADER = YES;
				CLANG_WARN_RANGE_LOOP_ANALYSIS = YES;
				CLANG_WARN_STRICT_PROTOTYPES = YES;
				CLANG_WARN_SUSPICIOUS_MOVE = YES;
				CLANG_WARN_UNGUARDED_AVAILABILITY = YES_AGGRESSIVE;
				CLANG_WARN_UNREACHABLE_CODE = YES;
				CLANG_WARN__DUPLICATE_METHOD_MATCH = YES;
				COPY_PHASE_STRIP = NO;
				DEBUG_INFORMATION_FORMAT = "dwarf-with-dsym";
				ENABLE_NS_ASSERTIONS = NO;
				ENABLE_STRICT_OBJC_MSGSEND = YES;
				ENABLE_USER_SCRIPT_SANDBOXING = YES;
				GCC_C_LANGUAGE_STANDARD = gnu17;
				GCC_NO_COMMON_BLOCKS = YES;
				GCC_WARN_64_TO_32_BIT_CONVERSION = YES;
				GCC_WARN_ABOUT_RETURN_TYPE = YES_ERROR;
				GCC_WARN_UNDECLARED_SELECTOR = YES;
				GCC_WARN_UNINITIALIZED_AUTOS = YES_AGGRESSIVE;
				GCC_WARN_UNUSED_FUNCTION = YES;
				GCC_WARN_UNUSED_VARIABLE = YES;
				IPHONEOS_DEPLOYMENT_TARGET = 17.2;
				LOCALIZATION_PREFERS_STRING_CATALOGS = YES;
				MTL_ENABLE_DEBUG_INFO = NO;
				MTL_FAST_MATH = YES;
				SDKROOT = iphoneos;
				SWIFT_COMPILATION_MODE = wholemodule;
				VALIDATE_PRODUCT = YES;
			};
			name = Release;
		};
		6331B1432B3852F200D0848A /* Debug */ = {
			isa = XCBuildConfiguration;
			buildSettings = {
				ASSETCATALOG_COMPILER_APPICON_NAME = AppIcon;
				ASSETCATALOG_COMPILER_GLOBAL_ACCENT_COLOR_NAME = AccentColor;
				CODE_SIGN_STYLE = Automatic;
				CURRENT_PROJECT_VERSION = 1;
				DEVELOPMENT_TEAM = 4GT4BFW9QG;
				GENERATE_INFOPLIST_FILE = YES;
				INFOPLIST_FILE = Today/Info.plist;
				INFOPLIST_KEY_UIApplicationSupportsIndirectInputEvents = YES;
				INFOPLIST_KEY_UILaunchStoryboardName = LaunchScreen;
				INFOPLIST_KEY_UIMainStoryboardFile = Main;
				INFOPLIST_KEY_UISupportedInterfaceOrientations_iPad = "UIInterfaceOrientationPortrait UIInterfaceOrientationPortraitUpsideDown UIInterfaceOrientationLandscapeLeft UIInterfaceOrientationLandscapeRight";
				INFOPLIST_KEY_UISupportedInterfaceOrientations_iPhone = "UIInterfaceOrientationPortrait UIInterfaceOrientationLandscapeLeft UIInterfaceOrientationLandscapeRight";
				LD_RUNPATH_SEARCH_PATHS = (
					"$(inherited)",
					"@executable_path/Frameworks",
				);
				MARKETING_VERSION = 1.0;
				PRODUCT_BUNDLE_IDENTIFIER = shehab.org.Today;
				PRODUCT_NAME = "$(TARGET_NAME)";
				SWIFT_EMIT_LOC_STRINGS = YES;
				SWIFT_VERSION = 5.0;
				TARGETED_DEVICE_FAMILY = "1,2";
			};
			name = Debug;
		};
		6331B1442B3852F200D0848A /* Release */ = {
			isa = XCBuildConfiguration;
			buildSettings = {
				ASSETCATALOG_COMPILER_APPICON_NAME = AppIcon;
				ASSETCATALOG_COMPILER_GLOBAL_ACCENT_COLOR_NAME = AccentColor;
				CODE_SIGN_STYLE = Automatic;
				CURRENT_PROJECT_VERSION = 1;
				DEVELOPMENT_TEAM = 4GT4BFW9QG;
				GENERATE_INFOPLIST_FILE = YES;
				INFOPLIST_FILE = Today/Info.plist;
				INFOPLIST_KEY_UIApplicationSupportsIndirectInputEvents = YES;
				INFOPLIST_KEY_UILaunchStoryboardName = LaunchScreen;
				INFOPLIST_KEY_UIMainStoryboardFile = Main;
				INFOPLIST_KEY_UISupportedInterfaceOrientations_iPad = "UIInterfaceOrientationPortrait UIInterfaceOrientationPortraitUpsideDown UIInterfaceOrientationLandscapeLeft UIInterfaceOrientationLandscapeRight";
				INFOPLIST_KEY_UISupportedInterfaceOrientations_iPhone = "UIInterfaceOrientationPortrait UIInterfaceOrientationLandscapeLeft UIInterfaceOrientationLandscapeRight";
				LD_RUNPATH_SEARCH_PATHS = (
					"$(inherited)",
					"@executable_path/Frameworks",
				);
				MARKETING_VERSION = 1.0;
				PRODUCT_BUNDLE_IDENTIFIER = shehab.org.Today;
				PRODUCT_NAME = "$(TARGET_NAME)";
				SWIFT_EMIT_LOC_STRINGS = YES;
				SWIFT_VERSION = 5.0;
				TARGETED_DEVICE_FAMILY = "1,2";
			};
			name = Release;
		};
		6331B1462B3852F200D0848A /* Debug */ = {
			isa = XCBuildConfiguration;
			buildSettings = {
				ALWAYS_EMBED_SWIFT_STANDARD_LIBRARIES = YES;
				BUNDLE_LOADER = "$(TEST_HOST)";
				CODE_SIGN_STYLE = Automatic;
				CURRENT_PROJECT_VERSION = 1;
				DEVELOPMENT_TEAM = 4GT4BFW9QG;
				GENERATE_INFOPLIST_FILE = YES;
				IPHONEOS_DEPLOYMENT_TARGET = 17.2;
				MARKETING_VERSION = 1.0;
				PRODUCT_BUNDLE_IDENTIFIER = shehab.org.TodayTests;
				PRODUCT_NAME = "$(TARGET_NAME)";
				SWIFT_EMIT_LOC_STRINGS = NO;
				SWIFT_VERSION = 5.0;
				TARGETED_DEVICE_FAMILY = "1,2";
				TEST_HOST = "$(BUILT_PRODUCTS_DIR)/Today.app/$(BUNDLE_EXECUTABLE_FOLDER_PATH)/Today";
			};
			name = Debug;
		};
		6331B1472B3852F200D0848A /* Release */ = {
			isa = XCBuildConfiguration;
			buildSettings = {
				ALWAYS_EMBED_SWIFT_STANDARD_LIBRARIES = YES;
				BUNDLE_LOADER = "$(TEST_HOST)";
				CODE_SIGN_STYLE = Automatic;
				CURRENT_PROJECT_VERSION = 1;
				DEVELOPMENT_TEAM = 4GT4BFW9QG;
				GENERATE_INFOPLIST_FILE = YES;
				IPHONEOS_DEPLOYMENT_TARGET = 17.2;
				MARKETING_VERSION = 1.0;
				PRODUCT_BUNDLE_IDENTIFIER = shehab.org.TodayTests;
				PRODUCT_NAME = "$(TARGET_NAME)";
				SWIFT_EMIT_LOC_STRINGS = NO;
				SWIFT_VERSION = 5.0;
				TARGETED_DEVICE_FAMILY = "1,2";
				TEST_HOST = "$(BUILT_PRODUCTS_DIR)/Today.app/$(BUNDLE_EXECUTABLE_FOLDER_PATH)/Today";
			};
			name = Release;
		};
		6331B1492B3852F200D0848A /* Debug */ = {
			isa = XCBuildConfiguration;
			buildSettings = {
				ALWAYS_EMBED_SWIFT_STANDARD_LIBRARIES = YES;
				CODE_SIGN_STYLE = Automatic;
				CURRENT_PROJECT_VERSION = 1;
				DEVELOPMENT_TEAM = 4GT4BFW9QG;
				GENERATE_INFOPLIST_FILE = YES;
				MARKETING_VERSION = 1.0;
				PRODUCT_BUNDLE_IDENTIFIER = shehab.org.TodayUITests;
				PRODUCT_NAME = "$(TARGET_NAME)";
				SWIFT_EMIT_LOC_STRINGS = NO;
				SWIFT_VERSION = 5.0;
				TARGETED_DEVICE_FAMILY = "1,2";
				TEST_TARGET_NAME = Today;
			};
			name = Debug;
		};
		6331B14A2B3852F200D0848A /* Release */ = {
			isa = XCBuildConfiguration;
			buildSettings = {
				ALWAYS_EMBED_SWIFT_STANDARD_LIBRARIES = YES;
				CODE_SIGN_STYLE = Automatic;
				CURRENT_PROJECT_VERSION = 1;
				DEVELOPMENT_TEAM = 4GT4BFW9QG;
				GENERATE_INFOPLIST_FILE = YES;
				MARKETING_VERSION = 1.0;
				PRODUCT_BUNDLE_IDENTIFIER = shehab.org.TodayUITests;
				PRODUCT_NAME = "$(TARGET_NAME)";
				SWIFT_EMIT_LOC_STRINGS = NO;
				SWIFT_VERSION = 5.0;
				TARGETED_DEVICE_FAMILY = "1,2";
				TEST_TARGET_NAME = Today;
			};
			name = Release;
		};
/* End XCBuildConfiguration section */

/* Begin XCConfigurationList section */
		6331B1132B3852EC00D0848A /* Build configuration list for PBXProject "Today" */ = {
			isa = XCConfigurationList;
			buildConfigurations = (
				6331B1402B3852F200D0848A /* Debug */,
				6331B1412B3852F200D0848A /* Release */,
			);
			defaultConfigurationIsVisible = 0;
			defaultConfigurationName = Release;
		};
		6331B1422B3852F200D0848A /* Build configuration list for PBXNativeTarget "Today" */ = {
			isa = XCConfigurationList;
			buildConfigurations = (
				6331B1432B3852F200D0848A /* Debug */,
				6331B1442B3852F200D0848A /* Release */,
			);
			defaultConfigurationIsVisible = 0;
			defaultConfigurationName = Release;
		};
		6331B1452B3852F200D0848A /* Build configuration list for PBXNativeTarget "TodayTests" */ = {
			isa = XCConfigurationList;
			buildConfigurations = (
				6331B1462B3852F200D0848A /* Debug */,
				6331B1472B3852F200D0848A /* Release */,
			);
			defaultConfigurationIsVisible = 0;
			defaultConfigurationName = Release;
		};
		6331B1482B3852F200D0848A /* Build configuration list for PBXNativeTarget "TodayUITests" */ = {
			isa = XCConfigurationList;
			buildConfigurations = (
				6331B1492B3852F200D0848A /* Debug */,
				6331B14A2B3852F200D0848A /* Release */,
			);
			defaultConfigurationIsVisible = 0;
			defaultConfigurationName = Release;
		};
/* End XCConfigurationList section */
	};
	rootObject = 6331B1102B3852EC00D0848A /* Project object */;
}
